
Microsoft Visual Studio Solution File, Format Version 12.00
Project("{FAE04EC0-301F-11D3-BF4B-00C04F79EFBC}") = "CMS.DAL", "CMS.DAL\CMS.DAL.csproj", "{2175429C-7973-4A3A-8C3F-2F6301E0EA1F}"
EndProject
Project("{FAE04EC0-301F-11D3-BF4B-00C04F79EFBC}") = "CMS.Common", "CMS.Common\CMS.Common.csproj", "{80DE66B4-411F-4F6C-B25C-E7AB9D15F596}"
EndProject
Project("{FAE04EC0-301F-11D3-BF4B-00C04F79EFBC}") = "CMS.BL", "CMS.BL\CMS.BL.csproj", "{381EDE11-EC8A-46DC-A4F3-07EFA3056F83}"
EndProject
Project("{FAE04EC0-301F-11D3-BF4B-00C04F79EFBC}") = "CMS.Web", "CMS.Web\CMS.Web.csproj", "{81A4F7DB-BD28-4D9A-B544-628C557C5AF8}"
EndProject
Project("{2150E333-8FDC-42A3-9474-1A3956D46DE8}") = "Common", "Common", "{53FB50B3-D49A-4103-91EE-91C5EE89BCDC}"
EndProject
Project("{FAE04EC0-301F-11D3-BF4B-00C04F79EFBC}") = "CMS.Models", "CMS.Models\CMS.Models.csproj", "{3D553AC6-F56D-4317-A765-D41A3F48E4DD}"
EndProject
Project("{2150E333-8FDC-42A3-9474-1A3956D46DE8}") = "Web", "Web", "{C299B31B-73CD-4ADD-B272-DB67256159F4}"
EndProject
Global
	GlobalSection(SolutionConfigurationPlatforms) = preSolution
		Debug|Any CPU = Debug|Any CPU
		Release|Any CPU = Release|Any CPU
	EndGlobalSection
	GlobalSection(ProjectConfigurationPlatforms) = postSolution
		{2175429C-7973-4A3A-8C3F-2F6301E0EA1F}.Debug|Any CPU.ActiveCfg = Debug|Any CPU
		{2175429C-7973-4A3A-8C3F-2F6301E0EA1F}.Debug|Any CPU.Build.0 = Debug|Any CPU
		{2175429C-7973-4A3A-8C3F-2F6301E0EA1F}.Release|Any CPU.ActiveCfg = Release|Any CPU
		{2175429C-7973-4A3A-8C3F-2F6301E0EA1F}.Release|Any CPU.Build.0 = Release|Any CPU
		{80DE66B4-411F-4F6C-B25C-E7AB9D15F596}.Debug|Any CPU.ActiveCfg = Debug|Any CPU
		{80DE66B4-411F-4F6C-B25C-E7AB9D15F596}.Debug|Any CPU.Build.0 = Debug|Any CPU
		{80DE66B4-411F-4F6C-B25C-E7AB9D15F596}.Release|Any CPU.ActiveCfg = Release|Any CPU
		{80DE66B4-411F-4F6C-B25C-E7AB9D15F596}.Release|Any CPU.Build.0 = Release|Any CPU
		{381EDE11-EC8A-46DC-A4F3-07EFA3056F83}.Debug|Any CPU.ActiveCfg = Debug|Any CPU
		{381EDE11-EC8A-46DC-A4F3-07EFA3056F83}.Debug|Any CPU.Build.0 = Debug|Any CPU
		{381EDE11-EC8A-46DC-A4F3-07EFA3056F83}.Release|Any CPU.ActiveCfg = Release|Any CPU
		{381EDE11-EC8A-46DC-A4F3-07EFA3056F83}.Release|Any CPU.Build.0 = Release|Any CPU
		{81A4F7DB-BD28-4D9A-B544-628C557C5AF8}.Debug|Any CPU.ActiveCfg = Debug|Any CPU
		{81A4F7DB-BD28-4D9A-B544-628C557C5AF8}.Debug|Any CPU.Build.0 = Debug|Any CPU
		{81A4F7DB-BD28-4D9A-B544-628C557C5AF8}.Release|Any CPU.ActiveCfg = Release|Any CPU
		{81A4F7DB-BD28-4D9A-B544-628C557C5AF8}.Release|Any CPU.Build.0 = Release|Any CPU
		{3D553AC6-F56D-4317-A765-D41A3F48E4DD}.Debug|Any CPU.ActiveCfg = Debug|Any CPU
		{3D553AC6-F56D-4317-A765-D41A3F48E4DD}.Debug|Any CPU.Build.0 = Debug|Any CPU
		{3D553AC6-F56D-4317-A765-D41A3F48E4DD}.Release|Any CPU.ActiveCfg = Release|Any CPU
		{3D553AC6-F56D-4317-A765-D41A3F48E4DD}.Release|Any CPU.Build.0 = Release|Any CPU
	EndGlobalSection
	GlobalSection(NestedProjects) = preSolution
		{80DE66B4-411F-4F6C-B25C-E7AB9D15F596} = {53FB50B3-D49A-4103-91EE-91C5EE89BCDC}
		{3D553AC6-F56D-4317-A765-D41A3F48E4DD} = {53FB50B3-D49A-4103-91EE-91C5EE89BCDC}
		{381EDE11-EC8A-46DC-A4F3-07EFA3056F83} = {C299B31B-73CD-4ADD-B272-DB67256159F4}
		{2175429C-7973-4A3A-8C3F-2F6301E0EA1F} = {C299B31B-73CD-4ADD-B272-DB67256159F4}
		{81A4F7DB-BD28-4D9A-B544-628C557C5AF8} = {C299B31B-73CD-4ADD-B272-DB67256159F4}
	EndGlobalSection
EndGlobal
